
Microsoft Visual Studio Solution File, Format Version 12.00
# Visual Studio Version 16
VisualStudioVersion = 16.0.32228.343
MinimumVisualStudioVersion = 10.0.40219.1
Project("{9A19103F-16F7-4668-BE54-9A1E7A4F7556}") = "CongCuTinhToan", "CongCuTinhToan.csproj", "{B9F0F2D9-CF71-464A-AEB0-6AE22CB12CE4}"
EndProject
Global
	GlobalSection(SolutionConfigurationPlatforms) = preSolution
		Debug|Any CPU = Debug|Any CPU
		Release|Any CPU = Release|Any CPU
	EndGlobalSection
	GlobalSection(ProjectConfigurationPlatforms) = postSolution
		{B9F0F2D9-CF71-464A-AEB0-6AE22CB12CE4}.Debug|Any CPU.ActiveCfg = Debug|Any CPU
		{B9F0F2D9-CF71-464A-AEB0-6AE22CB12CE4}.Debug|Any CPU.Build.0 = Debug|Any CPU
		{B9F0F2D9-CF71-464A-AEB0-6AE22CB12CE4}.Release|Any CPU.ActiveCfg = Release|Any CPU
		{B9F0F2D9-CF71-464A-AEB0-6AE22CB12CE4}.Release|Any CPU.Build.0 = Release|Any CPU
	EndGlobalSection
	GlobalSection(SolutionProperties) = preSolution
		HideSolutionNode = FALSE
	EndGlobalSection
	GlobalSection(ExtensibilityGlobals) = postSolution
		SolutionGuid = {208C47B9-0B1F-4304-9880-2148F72C6161}
	EndGlobalSection
EndGlobal
